# DO NOT EDIT MANUALLY - Managed by Fern Replay
version: "1.0"
generations:
  - commit_sha: cde42750c70adcf4f424a2ee2766a5de55857f2e
    tree_hash: 550fc63bcba0f0c0955a58ad290c7fcafd6a2843
    timestamp: 2026-06-23T23:23:15.638Z
    cli_version: unknown
    generator_versions: {}
current_generation: cde42750c70adcf4f424a2ee2766a5de55857f2e
patches: []
